<?xml version="1.0" encoding="utf-8"?>
<Project ToolsVersion="4.0" xmlns="http://schemas.microsoft.com/developer/msbuild/2003">
  <ItemGroup>
    <Filter Include="Source Files">
      <UniqueIdentifier>{4FC737F1-C7A5-4376-A066-2A32D752A2FF}</UniqueIdentifier>
      <Extensions>cpp;c;cc;cxx;c++;cppm;ixx;def;odl;idl;hpj;bat;asm;asmx</Extensions>
    </Filter>
    <Filter Include="Header Files">
      <UniqueIdentifier>{93995380-89BD-4b04-88EB-625FBE52EBFB}</UniqueIdentifier>
      <Extensions>h;hh;hpp;hxx;h++;hm;inl;inc;ipp;xsd</Extensions>
    </Filter>
    <Filter Include="Resource Files">
      <UniqueIdentifier>{67DA6AB6-F800-4c08-8B7A-83BB121AAD01}</UniqueIdentifier>
      <Extensions>rc;ico;cur;bmp;dlg;rc2;rct;bin;rgs;gif;jpg;jpeg;jpe;resx;tiff;tif;png;wav;mfcribbon-ms</Extensions>
    </Filter>
    <Filter Include="tests">
      <UniqueIdentifier>{182140bf-67cc-46c5-aae5-c15a9379168a}</UniqueIdentifier>
    </Filter>
  </ItemGroup>
  <ItemGroup>
    <ClCompile Include="glapp.cpp">
      <Filter>Source Files</Filter>
    </ClCompile>
    <ClCompile Include="main.cpp">
      <Filter>Source Files</Filter>
    </ClCompile>
    <ClCompile Include="glhelper.cpp">
      <Filter>Source Files</Filter>
    </ClCompile>
    <ClCompile Include="glslshader.cpp">
      <Filter>Source Files</Filter>
    </ClCompile>
    <ClCompile Include="tests\TestTriangle.cpp">
      <Filter>tests</Filter>
    </ClCompile>
    <ClCompile Include="Mesh.cpp">
      <Filter>Source Files</Filter>
    </ClCompile>
    <ClCompile Include="tests\Toon_Fog.cpp">
      <Filter>tests</Filter>
    </ClCompile>
  </ItemGroup>
  <ItemGroup>
    <ClInclude Include="glapp.h">
      <Filter>Header Files</Filter>
    </ClInclude>
    <ClInclude Include="glhelper.h">
      <Filter>Header Files</Filter>
    </ClInclude>
    <ClInclude Include="glslshader.h">
      <Filter>Header Files</Filter>
    </ClInclude>
    <ClInclude Include="tests\Test.h">
      <Filter>tests</Filter>
    </ClInclude>
    <ClInclude Include="tests\TestTriangle.h">
      <Filter>tests</Filter>
    </ClInclude>
    <ClInclude Include="Mesh.h">
      <Filter>Header Files</Filter>
    </ClInclude>
    <ClInclude Include="math.h">
      <Filter>Header Files</Filter>
    </ClInclude>
    <ClInclude Include="tests\Toon_Fog.h">
      <Filter>tests</Filter>
    </ClInclude>
  </ItemGroup>
</Project>